# This file is generated by running "yarn install" inside your project.
# Manual changes might be lost - proceed with caution!

__metadata:
  version: 6
  cacheKey: 8

"accepts@npm:~1.3.7":
  version: 1.3.7
  resolution: "accepts@npm:1.3.7"
  dependencies:
    mime-types: ~2.1.24
    negotiator: 0.6.2
  checksum: 27fc8060ffc69481ff6719cd3ee06387d2b88381cb0ce626f087781bbd02201a645a9febc8e7e7333558354b33b1d2f922ad13560be4ec1b7ba9e76fc1c1241d
  languageName: node
  linkType: hard

"ajv@npm:^6.12.3":
  version: 6.12.6
  resolution: "ajv@npm:6.12.6"
  dependencies:
    fast-deep-equal: ^3.1.1
    fast-json-stable-stringify: ^2.0.0
    json-schema-traverse: ^0.4.1
    uri-js: ^4.2.2
  checksum: 874972efe5c4202ab0a68379481fbd3d1b5d0a7bd6d3cc21d40d3536ebff3352a2a1fabb632d4fd2cc7fe4cbdcd5ed6782084c9bbf7f32a1536d18f9da5007d4
  languageName: node
  linkType: hard

"array-flatten@npm:1.1.1":
  version: 1.1.1
  resolution: "array-flatten@npm:1.1.1"
  checksum: a9925bf3512d9dce202112965de90c222cd59a4fbfce68a0951d25d965cf44642931f40aac72309c41f12df19afa010ecadceb07cfff9ccc1621e99d89ab5f3b
  languageName: node
  linkType: hard

"asn1@npm:~0.2.3":
  version: 0.2.4
  resolution: "asn1@npm:0.2.4"
  dependencies:
    safer-buffer: ~2.1.0
  checksum: aa5d6f77b1e0597df53824c68cfe82d1d89ce41cb3520148611f025fbb3101b2d25dd6a40ad34e4fac10f6b19ed5e8628cd4b7d212261e80e83f02b39ee5663c
  languageName: node
  linkType: hard

"assert-plus@npm:1.0.0, assert-plus@npm:^1.0.0":
  version: 1.0.0
  resolution: "assert-plus@npm:1.0.0"
  checksum: 19b4340cb8f0e6a981c07225eacac0e9d52c2644c080198765d63398f0075f83bbc0c8e95474d54224e297555ad0d631c1dcd058adb1ddc2437b41a6b424ac64
  languageName: node
  linkType: hard

"asynckit@npm:^0.4.0":
  version: 0.4.0
  resolution: "asynckit@npm:0.4.0"
  checksum: 7b78c451df768adba04e2d02e63e2d0bf3b07adcd6e42b4cf665cb7ce899bedd344c69a1dcbce355b5f972d597b25aaa1c1742b52cffd9caccb22f348114f6be
  languageName: node
  linkType: hard

"aws-sign2@npm:~0.7.0":
  version: 0.7.0
  resolution: "aws-sign2@npm:0.7.0"
  checksum: b148b0bb0778098ad8cf7e5fc619768bcb51236707ca1d3e5b49e41b171166d8be9fdc2ea2ae43d7decf02989d0aaa3a9c4caa6f320af95d684de9b548a71525
  languageName: node
  linkType: hard

"aws4@npm:^1.8.0":
  version: 1.10.1
  resolution: "aws4@npm:1.10.1"
  checksum: 290a22fc1168d32bbd924d8b6eef71510a2ab983f4d6edaaa211c696229bcc774574d0091943db62f7e8b2c497daf1895c95392866e5c5307c3435ab3fcaedf8
  languageName: node
  linkType: hard

"bcrypt-pbkdf@npm:^1.0.0":
  version: 1.0.2
  resolution: "bcrypt-pbkdf@npm:1.0.2"
  dependencies:
    tweetnacl: ^0.14.3
  checksum: 4edfc9fe7d07019609ccf797a2af28351736e9d012c8402a07120c4453a3b789a15f2ee1530dc49eee8f7eb9379331a8dd4b3766042b9e502f74a68e7f662291
  languageName: node
  linkType: hard

"body-parser@npm:1.19.0, body-parser@npm:^1.15.2":
  version: 1.19.0
  resolution: "body-parser@npm:1.19.0"
  dependencies:
    bytes: 3.1.0
    content-type: ~1.0.4
    debug: 2.6.9
    depd: ~1.1.2
    http-errors: 1.7.2
    iconv-lite: 0.4.24
    on-finished: ~2.3.0
    qs: 6.7.0
    raw-body: 2.4.0
    type-is: ~1.6.17
  checksum: 490231b4c89bbd43112762f7ba8e5342c174a6c9f64284a3b0fcabf63277e332f8316765596f1e5b15e4f3a6cf0422e005f4bb3149ed3a224bb025b7a36b9ac1
  languageName: node
  linkType: hard

"bytes@npm:3.1.0":
  version: 3.1.0
  resolution: "bytes@npm:3.1.0"
  checksum: 7c3b21c5d9d44ed455460d5d36a31abc6fa2ce3807964ba60a4b03fd44454c8cf07bb0585af83bfde1c5cc2ea4bbe5897bc3d18cd15e0acf25a3615a35aba2df
  languageName: node
  linkType: hard

"caseless@npm:~0.12.0":
  version: 0.12.0
  resolution: "caseless@npm:0.12.0"
  checksum: b43bd4c440aa1e8ee6baefee8063b4850fd0d7b378f6aabc796c9ec8cb26d27fb30b46885350777d9bd079c5256c0e1329ad0dc7c2817e0bb466810ebb353751
  languageName: node
  linkType: hard

"combined-stream@npm:^1.0.6, combined-stream@npm:~1.0.6":
  version: 1.0.8
  resolution: "combined-stream@npm:1.0.8"
  dependencies:
    delayed-stream: ~1.0.0
  checksum: 49fa4aeb4916567e33ea81d088f6584749fc90c7abec76fd516bf1c5aa5c79f3584b5ba3de6b86d26ddd64bae5329c4c7479343250cfe71c75bb366eae53bb7c
  languageName: node
  linkType: hard

"content-disposition@npm:0.5.3":
  version: 0.5.3
  resolution: "content-disposition@npm:0.5.3"
  dependencies:
    safe-buffer: 5.1.2
  checksum: 95bf164c0b0b8199d3f44b7631e51b37f683c6a90b9baa4315bd3d405a6d1bc81b7346f0981046aa004331fb3d7a28b629514d01fc209a5251573fc7e4d33380
  languageName: node
  linkType: hard

"content-type@npm:~1.0.4":
  version: 1.0.4
  resolution: "content-type@npm:1.0.4"
  checksum: 3d93585fda985d1554eca5ebd251994327608d2e200978fdbfba21c0c679914d5faf266d17027de44b34a72c7b0745b18584ecccaa7e1fdfb6a68ac7114f12e0
  languageName: node
  linkType: hard

"cookie-signature@npm:1.0.6":
  version: 1.0.6
  resolution: "cookie-signature@npm:1.0.6"
  checksum: f4e1b0a98a27a0e6e66fd7ea4e4e9d8e038f624058371bf4499cfcd8f3980be9a121486995202ba3fca74fbed93a407d6d54d43a43f96fd28d0bd7a06761591a
  languageName: node
  linkType: hard

"cookie@npm:0.4.0":
  version: 0.4.0
  resolution: "cookie@npm:0.4.0"
  checksum: 760384ba0aef329c52523747e36a452b5e51bc49b34160363a6934e7b7df3f93fcc88b35e33450361535d40a92a96412da870e1816aba9aa6cc556a9fedd8492
  languageName: node
  linkType: hard

"core-util-is@npm:1.0.2":
  version: 1.0.2
  resolution: "core-util-is@npm:1.0.2"
  checksum: 7a4c925b497a2c91421e25bf76d6d8190f0b2359a9200dbeed136e63b2931d6294d3b1893eda378883ed363cd950f44a12a401384c609839ea616befb7927dab
  languageName: node
  linkType: hard

"dashdash@npm:^1.12.0":
  version: 1.14.1
  resolution: "dashdash@npm:1.14.1"
  dependencies:
    assert-plus: ^1.0.0
  checksum: 3634c249570f7f34e3d34f866c93f866c5b417f0dd616275decae08147dcdf8fccfaa5947380ccfb0473998ea3a8057c0b4cd90c875740ee685d0624b2983598
  languageName: node
  linkType: hard

"debug@npm:2.6.9":
  version: 2.6.9
  resolution: "debug@npm:2.6.9"
  dependencies:
    ms: 2.0.0
  checksum: d2f51589ca66df60bf36e1fa6e4386b318c3f1e06772280eea5b1ae9fd3d05e9c2b7fd8a7d862457d00853c75b00451aa2d7459b924629ee385287a650f58fe6
  languageName: node
  linkType: hard

"delayed-stream@npm:~1.0.0":
  version: 1.0.0
  resolution: "delayed-stream@npm:1.0.0"
  checksum: 46fe6e83e2cb1d85ba50bd52803c68be9bd953282fa7096f51fc29edd5d67ff84ff753c51966061e5ba7cb5e47ef6d36a91924eddb7f3f3483b1c560f77a0020
  languageName: node
  linkType: hard

"depd@npm:~1.1.2":
  version: 1.1.2
  resolution: "depd@npm:1.1.2"
  checksum: 6b406620d269619852885ce15965272b829df6f409724415e0002c8632ab6a8c0a08ec1f0bd2add05dc7bd7507606f7e2cc034fa24224ab829580040b835ecd9
  languageName: node
  linkType: hard

"destroy@npm:~1.0.4":
  version: 1.0.4
  resolution: "destroy@npm:1.0.4"
  checksum: da9ab4961dc61677c709da0c25ef01733042614453924d65636a7db37308fef8a24cd1e07172e61173d471ca175371295fbc984b0af5b2b4ff47cd57bd784c03
  languageName: node
  linkType: hard

"ecc-jsbn@npm:~0.1.1":
  version: 0.1.2
  resolution: "ecc-jsbn@npm:0.1.2"
  dependencies:
    jsbn: ~0.1.0
    safer-buffer: ^2.1.0
  checksum: 22fef4b6203e5f31d425f5b711eb389e4c6c2723402e389af394f8411b76a488fa414d309d866e2b577ce3e8462d344205545c88a8143cc21752a5172818888a
  languageName: node
  linkType: hard

"ee-first@npm:1.1.1":
  version: 1.1.1
  resolution: "ee-first@npm:1.1.1"
  checksum: 1b4cac778d64ce3b582a7e26b218afe07e207a0f9bfe13cc7395a6d307849cfe361e65033c3251e00c27dd060cab43014c2d6b2647676135e18b77d2d05b3f4f
  languageName: node
  linkType: hard

"encodeurl@npm:~1.0.2":
  version: 1.0.2
  resolution: "encodeurl@npm:1.0.2"
  checksum: e50e3d508cdd9c4565ba72d2012e65038e5d71bdc9198cb125beb6237b5b1ade6c0d343998da9e170fb2eae52c1bed37d4d6d98a46ea423a0cddbed5ac3f780c
  languageName: node
  linkType: hard

"escape-html@npm:~1.0.3":
  version: 1.0.3
  resolution: "escape-html@npm:1.0.3"
  checksum: 6213ca9ae00d0ab8bccb6d8d4e0a98e76237b2410302cf7df70aaa6591d509a2a37ce8998008cbecae8fc8ffaadf3fb0229535e6a145f3ce0b211d060decbb24
  languageName: node
  linkType: hard

"etag@npm:~1.8.1":
  version: 1.8.1
  resolution: "etag@npm:1.8.1"
  checksum: 571aeb3dbe0f2bbd4e4fadbdb44f325fc75335cd5f6f6b6a091e6a06a9f25ed5392f0863c5442acb0646787446e816f13cbfc6edce5b07658541dff573cab1ff
  languageName: node
  linkType: hard

"express@npm:^4.14.0":
  version: 4.17.1
  resolution: "express@npm:4.17.1"
  dependencies:
    accepts: ~1.3.7
    array-flatten: 1.1.1
    body-parser: 1.19.0
    content-disposition: 0.5.3
    content-type: ~1.0.4
    cookie: 0.4.0
    cookie-signature: 1.0.6
    debug: 2.6.9
    depd: ~1.1.2
    encodeurl: ~1.0.2
    escape-html: ~1.0.3
    etag: ~1.8.1
    finalhandler: ~1.1.2
    fresh: 0.5.2
    merge-descriptors: 1.0.1
    methods: ~1.1.2
    on-finished: ~2.3.0
    parseurl: ~1.3.3
    path-to-regexp: 0.1.7
    proxy-addr: ~2.0.5
    qs: 6.7.0
    range-parser: ~1.2.1
    safe-buffer: 5.1.2
    send: 0.17.1
    serve-static: 1.14.1
    setprototypeof: 1.1.1
    statuses: ~1.5.0
    type-is: ~1.6.18
    utils-merge: 1.0.1
    vary: ~1.1.2
  checksum: d964e9e17af331ea6fa2f84999b063bc47189dd71b4a735df83f9126d3bb2b92e830f1cb1d7c2742530eb625e2689d7a9a9c71f0c3cc4dd6015c3cd32a01abd5
  languageName: node
  linkType: hard

"extend@npm:~3.0.2":
  version: 3.0.2
  resolution: "extend@npm:3.0.2"
  checksum: a50a8309ca65ea5d426382ff09f33586527882cf532931cb08ca786ea3146c0553310bda688710ff61d7668eba9f96b923fe1420cdf56a2c3eaf30fcab87b515
  languageName: node
  linkType: hard

"extsprintf@npm:1.3.0":
  version: 1.3.0
  resolution: "extsprintf@npm:1.3.0"
  checksum: cee7a4a1e34cffeeec18559109de92c27517e5641991ec6bab849aa64e3081022903dd53084f2080d0d2530803aa5ee84f1e9de642c365452f9e67be8f958ce2
  languageName: node
  linkType: hard

"extsprintf@npm:^1.2.0":
  version: 1.4.0
  resolution: "extsprintf@npm:1.4.0"
  checksum: 184dc8a413eb4b1ff16bdce797340e7ded4d28511d56a1c9afa5a95bcff6ace154063823eaf0206dbbb0d14059d74f382a15c34b7c0636fa74a7e681295eb67e
  languageName: node
  linkType: hard

"fast-deep-equal@npm:^3.1.1":
  version: 3.1.3
  resolution: "fast-deep-equal@npm:3.1.3"
  checksum: e21a9d8d84f53493b6aa15efc9cfd53dd5b714a1f23f67fb5dc8f574af80df889b3bce25dc081887c6d25457cce704e636395333abad896ccdec03abaf1f3f9d
  languageName: node
  linkType: hard

"fast-json-stable-stringify@npm:^2.0.0":
  version: 2.1.0
  resolution: "fast-json-stable-stringify@npm:2.1.0"
  checksum: b191531e36c607977e5b1c47811158733c34ccb3bfde92c44798929e9b4154884378536d26ad90dfecd32e1ffc09c545d23535ad91b3161a27ddbb8ebe0cbecb
  languageName: node
  linkType: hard

"finalhandler@npm:~1.1.2":
  version: 1.1.2
  resolution: "finalhandler@npm:1.1.2"
  dependencies:
    debug: 2.6.9
    encodeurl: ~1.0.2
    escape-html: ~1.0.3
    on-finished: ~2.3.0
    parseurl: ~1.3.3
    statuses: ~1.5.0
    unpipe: ~1.0.0
  checksum: 617880460c5138dd7ccfd555cb5dde4d8f170f4b31b8bd51e4b646bb2946c30f7db716428a1f2882d730d2b72afb47d1f67cc487b874cb15426f95753a88965e
  languageName: node
  linkType: hard

"forever-agent@npm:~0.6.1":
  version: 0.6.1
  resolution: "forever-agent@npm:0.6.1"
  checksum: 766ae6e220f5fe23676bb4c6a99387cec5b7b62ceb99e10923376e27bfea72f3c3aeec2ba5f45f3f7ba65d6616965aa7c20b15002b6860833bb6e394dea546a8
  languageName: node
  linkType: hard

"form-data@npm:~2.3.2":
  version: 2.3.3
  resolution: "form-data@npm:2.3.3"
  dependencies:
    asynckit: ^0.4.0
    combined-stream: ^1.0.6
    mime-types: ^2.1.12
  checksum: 10c1780fa13dbe1ff3100114c2ce1f9307f8be10b14bf16e103815356ff567b6be39d70fc4a40f8990b9660012dc24b0f5e1dde1b6426166eb23a445ba068ca3
  languageName: node
  linkType: hard

"forwarded@npm:~0.1.2":
  version: 0.1.2
  resolution: "forwarded@npm:0.1.2"
  checksum: 54695c574292f9bc6bfa52111844337bc2e61cfcc5ec82f16b816d721a67a0c76b4849a34b57e38e51d64ddbb81aef974f393579f610ed1b990470e75abad2e0
  languageName: node
  linkType: hard

"fresh@npm:0.5.2":
  version: 0.5.2
  resolution: "fresh@npm:0.5.2"
  checksum: 13ea8b08f91e669a64e3ba3a20eb79d7ca5379a81f1ff7f4310d54e2320645503cc0c78daedc93dfb6191287295f6479544a649c64d8e41a1c0fb0c221552346
  languageName: node
  linkType: hard

"getpass@npm:^0.1.1":
  version: 0.1.7
  resolution: "getpass@npm:0.1.7"
  dependencies:
    assert-plus: ^1.0.0
  checksum: ab18d55661db264e3eac6012c2d3daeafaab7a501c035ae0ccb193c3c23e9849c6e29b6ac762b9c2adae460266f925d55a3a2a3a3c8b94be2f222df94d70c046
  languageName: node
  linkType: hard

"har-schema@npm:^2.0.0":
  version: 2.0.0
  resolution: "har-schema@npm:2.0.0"
  checksum: d8946348f333fb09e2bf24cc4c67eabb47c8e1d1aa1c14184c7ffec1140a49ec8aa78aa93677ae452d71d5fc0fdeec20f0c8c1237291fc2bcb3f502a5d204f9b
  languageName: node
  linkType: hard

"har-validator@npm:~5.1.3":
  version: 5.1.5
  resolution: "har-validator@npm:5.1.5"
  dependencies:
    ajv: ^6.12.3
    har-schema: ^2.0.0
  checksum: b998a7269ca560d7f219eedc53e2c664cd87d487e428ae854a6af4573fc94f182fe9d2e3b92ab968249baec7ebaf9ead69cf975c931dc2ab282ec182ee988280
  languageName: node
  linkType: hard

"http-errors@npm:1.7.2":
  version: 1.7.2
  resolution: "http-errors@npm:1.7.2"
  dependencies:
    depd: ~1.1.2
    inherits: 2.0.3
    setprototypeof: 1.1.1
    statuses: ">= 1.5.0 < 2"
    toidentifier: 1.0.0
  checksum: 5534b0ae08e77f5a45a2380f500e781f6580c4ff75b816cb1f09f99a290b57e78a518be6d866db1b48cca6b052c09da2c75fc91fb16a2fe3da3c44d9acbb9972
  languageName: node
  linkType: hard

"http-errors@npm:~1.7.2":
  version: 1.7.3
  resolution: "http-errors@npm:1.7.3"
  dependencies:
    depd: ~1.1.2
    inherits: 2.0.4
    setprototypeof: 1.1.1
    statuses: ">= 1.5.0 < 2"
    toidentifier: 1.0.0
  checksum: a59f359473f4b3ea78305beee90d186268d6075432622a46fb7483059068a2dd4c854a20ac8cd438883127e06afb78c1309168bde6cdfeed1e3700eb42487d99
  languageName: node
  linkType: hard

"http-signature@npm:~1.2.0":
  version: 1.2.0
  resolution: "http-signature@npm:1.2.0"
  dependencies:
    assert-plus: ^1.0.0
    jsprim: ^1.2.2
    sshpk: ^1.7.0
  checksum: 3324598712266a9683585bb84a75dec4fd550567d5e0dd4a0fff6ff3f74348793404d3eeac4918fa0902c810eeee1a86419e4a2e92a164132dfe6b26743fb47c
  languageName: node
  linkType: hard

"iconv-lite@npm:0.4.24":
  version: 0.4.24
  resolution: "iconv-lite@npm:0.4.24"
  dependencies:
    safer-buffer: ">= 2.1.2 < 3"
  checksum: bd9f120f5a5b306f0bc0b9ae1edeb1577161503f5f8252a20f1a9e56ef8775c9959fd01c55f2d3a39d9a8abaf3e30c1abeb1895f367dcbbe0a8fd1c9ca01c4f6
  languageName: node
  linkType: hard

"inherits@npm:2.0.3":
  version: 2.0.3
  resolution: "inherits@npm:2.0.3"
  checksum: 78cb8d7d850d20a5e9a7f3620db31483aa00ad5f722ce03a55b110e5a723539b3716a3b463e2b96ce3fe286f33afc7c131fa2f91407528ba80cea98a7545d4c0
  languageName: node
  linkType: hard

"inherits@npm:2.0.4":
  version: 2.0.4
  resolution: "inherits@npm:2.0.4"
  checksum: 4a48a733847879d6cf6691860a6b1e3f0f4754176e4d71494c41f3475553768b10f84b5ce1d40fbd0e34e6bfbb864ee35858ad4dd2cf31e02fc4a154b724d7f1
  languageName: node
  linkType: hard

"ipaddr.js@npm:1.9.1":
  version: 1.9.1
  resolution: "ipaddr.js@npm:1.9.1"
  checksum: f88d3825981486f5a1942414c8d77dd6674dd71c065adcfa46f578d677edcb99fda25af42675cb59db492fdf427b34a5abfcde3982da11a8fd83a500b41cfe77
  languageName: node
  linkType: hard

"is-typedarray@npm:~1.0.0":
  version: 1.0.0
  resolution: "is-typedarray@npm:1.0.0"
  checksum: 3508c6cd0a9ee2e0df2fa2e9baabcdc89e911c7bd5cf64604586697212feec525aa21050e48affb5ffc3df20f0f5d2e2cf79b08caa64e1ccc9578e251763aef7
  languageName: node
  linkType: hard

"isstream@npm:~0.1.2":
  version: 0.1.2
  resolution: "isstream@npm:0.1.2"
  checksum: 1eb2fe63a729f7bdd8a559ab552c69055f4f48eb5c2f03724430587c6f450783c8f1cd936c1c952d0a927925180fcc892ebd5b174236cf1065d4bd5bdb37e963
  languageName: node
  linkType: hard

"jsbn@npm:~0.1.0":
  version: 0.1.1
  resolution: "jsbn@npm:0.1.1"
  checksum: e5ff29c1b8d965017ef3f9c219dacd6e40ad355c664e277d31246c90545a02e6047018c16c60a00f36d561b3647215c41894f5d869ada6908a2e0ce4200c88f2
  languageName: node
  linkType: hard

"json-schema-traverse@npm:^0.4.1":
  version: 0.4.1
  resolution: "json-schema-traverse@npm:0.4.1"
  checksum: 7486074d3ba247769fda17d5181b345c9fb7d12e0da98b22d1d71a5db9698d8b4bd900a3ec1a4ffdd60846fc2556274a5c894d0c48795f14cb03aeae7b55260b
  languageName: node
  linkType: hard

"json-schema@npm:0.2.3":
  version: 0.2.3
  resolution: "json-schema@npm:0.2.3"
  checksum: bbc2070988fb5f2a2266a31b956f1b5660e03ea7eaa95b33402901274f625feb586ae0c485e1df854fde40a7f0dc679f3b3ca8e5b8d31f8ea07a0d834de785c7
  languageName: node
  linkType: hard

"json-stringify-safe@npm:~5.0.1":
  version: 5.0.1
  resolution: "json-stringify-safe@npm:5.0.1"
  checksum: 48ec0adad5280b8a96bb93f4563aa1667fd7a36334f79149abd42446d0989f2ddc58274b479f4819f1f00617957e6344c886c55d05a4e15ebb4ab931e4a6a8ee
  languageName: node
  linkType: hard

"jsprim@npm:^1.2.2":
  version: 1.4.1
  resolution: "jsprim@npm:1.4.1"
  dependencies:
    assert-plus: 1.0.0
    extsprintf: 1.3.0
    json-schema: 0.2.3
    verror: 1.10.0
  checksum: 6bcb20ec265ae18bb48e540a6da2c65f9c844f7522712d6dfcb01039527a49414816f4869000493363f1e1ea96cbad00e46188d5ecc78257a19f152467587373
  languageName: node
  linkType: hard

"media-typer@npm:0.3.0":
  version: 0.3.0
  resolution: "media-typer@npm:0.3.0"
  checksum: af1b38516c28ec95d6b0826f6c8f276c58aec391f76be42aa07646b4e39d317723e869700933ca6995b056db4b09a78c92d5440dc23657e6764be5d28874bba1
  languageName: node
  linkType: hard

"merge-descriptors@npm:1.0.1":
  version: 1.0.1
  resolution: "merge-descriptors@npm:1.0.1"
  checksum: 5abc259d2ae25bb06d19ce2b94a21632583c74e2a9109ee1ba7fd147aa7362b380d971e0251069f8b3eb7d48c21ac839e21fa177b335e82c76ec172e30c31a26
  languageName: node
  linkType: hard

"methods@npm:~1.1.2":
  version: 1.1.2
  resolution: "methods@npm:1.1.2"
  checksum: 0917ff4041fa8e2f2fda5425a955fe16ca411591fbd123c0d722fcf02b73971ed6f764d85f0a6f547ce49ee0221ce2c19a5fa692157931cecb422984f1dcd13a
  languageName: node
  linkType: hard

"mime-db@npm:1.44.0":
  version: 1.44.0
  resolution: "mime-db@npm:1.44.0"
  checksum: b2613996804d690adc4ca6744479b8ef08b04db7e99f84ab7e1274e0c2503a446d22296016ae0ea1a1d159858866445601c1f43d46c8d71d52f72842b1780c15
  languageName: node
  linkType: hard

"mime-types@npm:^2.1.12, mime-types@npm:~2.1.19, mime-types@npm:~2.1.24":
  version: 2.1.27
  resolution: "mime-types@npm:2.1.27"
  dependencies:
    mime-db: 1.44.0
  checksum: 4c1f596c6ddfc1a9c37356e91f471ae6e72401288197de31ef3604cf02ef14c6ac661adce55cece1f1c626a96d780ffd47435619606c103cb967fb007729eefb
  languageName: node
  linkType: hard

"mime@npm:1.6.0":
  version: 1.6.0
  resolution: "mime@npm:1.6.0"
  bin:
    mime: cli.js
  checksum: fef25e39263e6d207580bdc629f8872a3f9772c923c7f8c7e793175cee22777bbe8bba95e5d509a40aaa292d8974514ce634ae35769faa45f22d17edda5e8557
  languageName: node
  linkType: hard

"minimist@npm:^1.2.5":
  version: 1.2.5
  resolution: "minimist@npm:1.2.5"
  checksum: 86706ce5b36c16bfc35c5fe3dbb01d5acdc9a22f2b6cc810b6680656a1d2c0e44a0159c9a3ba51fb072bb5c203e49e10b51dcd0eec39c481f4c42086719bae52
  languageName: node
  linkType: hard

"mkdirp@npm:~0.5.1":
  version: 0.5.5
  resolution: "mkdirp@npm:0.5.5"
  dependencies:
    minimist: ^1.2.5
  bin:
    mkdirp: bin/cmd.js
  checksum: 3bce20ea525f9477befe458ab85284b0b66c8dc3812f94155af07c827175948cdd8114852ac6c6d82009b13c1048c37f6d98743eb019651ee25c39acc8aabe7d
  languageName: node
  linkType: hard

"mr-nom-server@workspace:.":
  version: 0.0.0-use.local
  resolution: "mr-nom-server@workspace:."
  dependencies:
    body-parser: ^1.15.2
    express: ^4.14.0
    node-persist: 0.0.11
    request: ^2.74.0
  languageName: unknown
  linkType: soft

"ms@npm:2.0.0":
  version: 2.0.0
  resolution: "ms@npm:2.0.0"
  checksum: 0e6a22b8b746d2e0b65a430519934fefd41b6db0682e3477c10f60c76e947c4c0ad06f63ffdf1d78d335f83edee8c0aa928aa66a36c7cd95b69b26f468d527f4
  languageName: node
  linkType: hard

"ms@npm:2.1.1":
  version: 2.1.1
  resolution: "ms@npm:2.1.1"
  checksum: 0078a23cd916a9a7435c413caa14c57d4b4f6e2470e0ab554b6964163c8a4436448ac7ae020e883685475da6b6796cc396b670f579cb275db288a21e3e57721e
  languageName: node
  linkType: hard

"negotiator@npm:0.6.2":
  version: 0.6.2
  resolution: "negotiator@npm:0.6.2"
  checksum: dfddaff6c06792f1c4c3809e29a427b8daef8cd437c83b08dd51d7ee11bbd1c29d9512d66b801144d6c98e910ffd8723f2432e0cbf8b18d41d2a09599c975ab3
  languageName: node
  linkType: hard

"node-persist@npm:0.0.11":
  version: 0.0.11
  resolution: "node-persist@npm:0.0.11"
  dependencies:
    mkdirp: ~0.5.1
    q: ~1.1.1
  checksum: 8de981b040a44f7b82f442a08ca69d86d5578b1dc249029c3b665db098249d815d88eb7c108522bc134df4e014ce9678f5fe86dea9d8bb482662790af8908aea
  languageName: node
  linkType: hard

"oauth-sign@npm:~0.9.0":
  version: 0.9.0
  resolution: "oauth-sign@npm:0.9.0"
  checksum: 8f5497a127967866a3c67094c21efd295e46013a94e6e828573c62220e9af568cc1d2d04b16865ba583e430510fa168baf821ea78f355146d8ed7e350fc44c64
  languageName: node
  linkType: hard

"on-finished@npm:~2.3.0":
  version: 2.3.0
  resolution: "on-finished@npm:2.3.0"
  dependencies:
    ee-first: 1.1.1
  checksum: 1db595bd963b0124d6fa261d18320422407b8f01dc65863840f3ddaaf7bcad5b28ff6847286703ca53f4ec19595bd67a2f1253db79fc4094911ec6aa8df1671b
  languageName: node
  linkType: hard

"parseurl@npm:~1.3.3":
  version: 1.3.3
  resolution: "parseurl@npm:1.3.3"
  checksum: 407cee8e0a3a4c5cd472559bca8b6a45b82c124e9a4703302326e9ab60fc1081442ada4e02628efef1eb16197ddc7f8822f5a91fd7d7c86b51f530aedb17dfa2
  languageName: node
  linkType: hard

"path-to-regexp@npm:0.1.7":
  version: 0.1.7
  resolution: "path-to-regexp@npm:0.1.7"
  checksum: 69a14ea24db543e8b0f4353305c5eac6907917031340e5a8b37df688e52accd09e3cebfe1660b70d76b6bd89152f52183f28c74813dbf454ba1a01c82a38abce
  languageName: node
  linkType: hard

"performance-now@npm:^2.1.0":
  version: 2.1.0
  resolution: "performance-now@npm:2.1.0"
  checksum: 534e641aa8f7cba160f0afec0599b6cecefbb516a2e837b512be0adbe6c1da5550e89c78059c7fabc5c9ffdf6627edabe23eb7c518c4500067a898fa65c2b550
  languageName: node
  linkType: hard

"proxy-addr@npm:~2.0.5":
  version: 2.0.6
  resolution: "proxy-addr@npm:2.0.6"
  dependencies:
    forwarded: ~0.1.2
    ipaddr.js: 1.9.1
  checksum: 2bad9b7a56b847faf606a19328aaaf5fca3e561ebb4e933969a580d94a20f77e74fb21196028a6e417851b3d9d95a0c704732a3362e3ef515d45d96859ac7eb9
  languageName: node
  linkType: hard

"psl@npm:^1.1.28":
  version: 1.8.0
  resolution: "psl@npm:1.8.0"
  checksum: 6150048ed2da3f919478bee8a82f3828303bc0fc730fb015a48f83c9977682c7b28c60ab01425a72d82a2891a1681627aa530a991d50c086b48a3be27744bde7
  languageName: node
  linkType: hard

"punycode@npm:^2.1.0, punycode@npm:^2.1.1":
  version: 2.1.1
  resolution: "punycode@npm:2.1.1"
  checksum: 823bf443c6dd14f669984dea25757b37993f67e8d94698996064035edd43bed8a5a17a9f12e439c2b35df1078c6bec05a6c86e336209eb1061e8025c481168e8
  languageName: node
  linkType: hard

"q@npm:~1.1.1":
  version: 1.1.2
  resolution: "q@npm:1.1.2"
  checksum: 68eaa0c0ae93eebbd0bd6a135e37b2605c819208cdc4de8dc35d3fd5abb3f4afa5599371740ba95d483775b9a2e2b9530822f29fc60273a9f5471abcc867171a
  languageName: node
  linkType: hard

"qs@npm:6.7.0":
  version: 6.7.0
  resolution: "qs@npm:6.7.0"
  checksum: dfd5f6adef50e36e908cfa70a6233871b5afe66fbaca37ecc1da352ba29eb2151a3797991948f158bb37fccde51bd57845cb619a8035287bfc24e4591172c347
  languageName: node
  linkType: hard

"qs@npm:~6.5.2":
  version: 6.5.2
  resolution: "qs@npm:6.5.2"
  checksum: 24af7b9928ba2141233fba2912876ff100403dba1b08b20c3b490da9ea6c636760445ea2211a079e7dfa882a5cf8f738337b3748c8bdd0f93358fa8881d2db8f
  languageName: node
  linkType: hard

"range-parser@npm:~1.2.1":
  version: 1.2.1
  resolution: "range-parser@npm:1.2.1"
  checksum: 0a268d4fea508661cf5743dfe3d5f47ce214fd6b7dec1de0da4d669dd4ef3d2144468ebe4179049eff253d9d27e719c88dae55be64f954e80135a0cada804ec9
  languageName: node
  linkType: hard

"raw-body@npm:2.4.0":
  version: 2.4.0
  resolution: "raw-body@npm:2.4.0"
  dependencies:
    bytes: 3.1.0
    http-errors: 1.7.2
    iconv-lite: 0.4.24
    unpipe: 1.0.0
  checksum: 6343906939e018c6e633a34a938a5d6d1e93ffcfa48646e00207d53b418e941953b521473950c079347220944dc75ba10e7b3c08bf97e3ac72c7624882db09bb
  languageName: node
  linkType: hard

"request@npm:^2.74.0":
  version: 2.88.2
  resolution: "request@npm:2.88.2"
  dependencies:
    aws-sign2: ~0.7.0
    aws4: ^1.8.0
    caseless: ~0.12.0
    combined-stream: ~1.0.6
    extend: ~3.0.2
    forever-agent: ~0.6.1
    form-data: ~2.3.2
    har-validator: ~5.1.3
    http-signature: ~1.2.0
    is-typedarray: ~1.0.0
    isstream: ~0.1.2
    json-stringify-safe: ~5.0.1
    mime-types: ~2.1.19
    oauth-sign: ~0.9.0
    performance-now: ^2.1.0
    qs: ~6.5.2
    safe-buffer: ^5.1.2
    tough-cookie: ~2.5.0
    tunnel-agent: ^0.6.0
    uuid: ^3.3.2
  checksum: 4e112c087f6eabe7327869da2417e9d28fcd0910419edd2eb17b6acfc4bfa1dad61954525949c228705805882d8a98a86a0ea12d7f739c01ee92af7062996983
  languageName: node
  linkType: hard

"safe-buffer@npm:5.1.2":
  version: 5.1.2
  resolution: "safe-buffer@npm:5.1.2"
  checksum: f2f1f7943ca44a594893a852894055cf619c1fbcb611237fc39e461ae751187e7baf4dc391a72125e0ac4fb2d8c5c0b3c71529622e6a58f46b960211e704903c
  languageName: node
  linkType: hard

"safe-buffer@npm:^5.0.1, safe-buffer@npm:^5.1.2":
  version: 5.2.1
  resolution: "safe-buffer@npm:5.2.1"
  checksum: b99c4b41fdd67a6aaf280fcd05e9ffb0813654894223afb78a31f14a19ad220bba8aba1cb14eddce1fcfb037155fe6de4e861784eb434f7d11ed58d1e70dd491
  languageName: node
  linkType: hard

"safer-buffer@npm:>= 2.1.2 < 3, safer-buffer@npm:^2.0.2, safer-buffer@npm:^2.1.0, safer-buffer@npm:~2.1.0":
  version: 2.1.2
  resolution: "safer-buffer@npm:2.1.2"
  checksum: cab8f25ae6f1434abee8d80023d7e72b598cf1327164ddab31003c51215526801e40b66c5e65d658a0af1e9d6478cadcb4c745f4bd6751f97d8644786c0978b0
  languageName: node
  linkType: hard

"send@npm:0.17.1":
  version: 0.17.1
  resolution: "send@npm:0.17.1"
  dependencies:
    debug: 2.6.9
    depd: ~1.1.2
    destroy: ~1.0.4
    encodeurl: ~1.0.2
    escape-html: ~1.0.3
    etag: ~1.8.1
    fresh: 0.5.2
    http-errors: ~1.7.2
    mime: 1.6.0
    ms: 2.1.1
    on-finished: ~2.3.0
    range-parser: ~1.2.1
    statuses: ~1.5.0
  checksum: d214c2fa42e7fae3f8fc1aa3931eeb3e6b78c2cf141574e09dbe159915c1e3a337269fc6b7512e7dfddcd7d6ff5974cb62f7c3637ba86a55bde20a92c18bdca0
  languageName: node
  linkType: hard

"serve-static@npm:1.14.1":
  version: 1.14.1
  resolution: "serve-static@npm:1.14.1"
  dependencies:
    encodeurl: ~1.0.2
    escape-html: ~1.0.3
    parseurl: ~1.3.3
    send: 0.17.1
  checksum: c6b268e8486d39ecd54b86c7f2d0ee4a38cd7514ddd9c92c8d5793bb005afde5e908b12395898ae206782306ccc848193d93daa15b86afb3cbe5a8414806abe8
  languageName: node
  linkType: hard

"setprototypeof@npm:1.1.1":
  version: 1.1.1
  resolution: "setprototypeof@npm:1.1.1"
  checksum: a8bee29c1c64c245d460ce53f7460af8cbd0aceac68d66e5215153992cc8b3a7a123416353e0c642060e85cc5fd4241c92d1190eec97eda0dcb97436e8fcca3b
  languageName: node
  linkType: hard

"sshpk@npm:^1.7.0":
  version: 1.16.1
  resolution: "sshpk@npm:1.16.1"
  dependencies:
    asn1: ~0.2.3
    assert-plus: ^1.0.0
    bcrypt-pbkdf: ^1.0.0
    dashdash: ^1.12.0
    ecc-jsbn: ~0.1.1
    getpass: ^0.1.1
    jsbn: ~0.1.0
    safer-buffer: ^2.0.2
    tweetnacl: ~0.14.0
  bin:
    sshpk-conv: bin/sshpk-conv
    sshpk-sign: bin/sshpk-sign
    sshpk-verify: bin/sshpk-verify
  checksum: 5e76afd1cedc780256f688b7c09327a8a650902d18e284dfeac97489a735299b03c3e72c6e8d22af03dbbe4d6f123fdfd5f3c4ed6bedbec72b9529a55051b857
  languageName: node
  linkType: hard

"statuses@npm:>= 1.5.0 < 2, statuses@npm:~1.5.0":
  version: 1.5.0
  resolution: "statuses@npm:1.5.0"
  checksum: c469b9519de16a4bb19600205cffb39ee471a5f17b82589757ca7bd40a8d92ebb6ed9f98b5a540c5d302ccbc78f15dc03cc0280dd6e00df1335568a5d5758a5c
  languageName: node
  linkType: hard

"toidentifier@npm:1.0.0":
  version: 1.0.0
  resolution: "toidentifier@npm:1.0.0"
  checksum: 199e6bfca1531d49b3506cff02353d53ec987c9ee10ee272ca6484ed97f1fc10fb77c6c009079ca16d5c5be4a10378178c3cacdb41ce9ec954c3297c74c6053e
  languageName: node
  linkType: hard

"tough-cookie@npm:~2.5.0":
  version: 2.5.0
  resolution: "tough-cookie@npm:2.5.0"
  dependencies:
    psl: ^1.1.28
    punycode: ^2.1.1
  checksum: 16a8cd090224dd176eee23837cbe7573ca0fa297d7e468ab5e1c02d49a4e9a97bb05fef11320605eac516f91d54c57838a25864e8680e27b069a5231d8264977
  languageName: node
  linkType: hard

"tunnel-agent@npm:^0.6.0":
  version: 0.6.0
  resolution: "tunnel-agent@npm:0.6.0"
  dependencies:
    safe-buffer: ^5.0.1
  checksum: 05f6510358f8afc62a057b8b692f05d70c1782b70db86d6a1e0d5e28a32389e52fa6e7707b6c5ecccacc031462e4bc35af85ecfe4bbc341767917b7cf6965711
  languageName: node
  linkType: hard

"tweetnacl@npm:^0.14.3, tweetnacl@npm:~0.14.0":
  version: 0.14.5
  resolution: "tweetnacl@npm:0.14.5"
  checksum: 6061daba1724f59473d99a7bb82e13f211cdf6e31315510ae9656fefd4779851cb927adad90f3b488c8ed77c106adc0421ea8055f6f976ff21b27c5c4e918487
  languageName: node
  linkType: hard

"type-is@npm:~1.6.17, type-is@npm:~1.6.18":
  version: 1.6.18
  resolution: "type-is@npm:1.6.18"
  dependencies:
    media-typer: 0.3.0
    mime-types: ~2.1.24
  checksum: 2c8e47675d55f8b4e404bcf529abdf5036c537a04c2b20177bcf78c9e3c1da69da3942b1346e6edb09e823228c0ee656ef0e033765ec39a70d496ef601a0c657
  languageName: node
  linkType: hard

"unpipe@npm:1.0.0, unpipe@npm:~1.0.0":
  version: 1.0.0
  resolution: "unpipe@npm:1.0.0"
  checksum: 4fa18d8d8d977c55cb09715385c203197105e10a6d220087ec819f50cb68870f02942244f1017565484237f1f8c5d3cd413631b1ae104d3096f24fdfde1b4aa2
  languageName: node
  linkType: hard

"uri-js@npm:^4.2.2":
  version: 4.4.0
  resolution: "uri-js@npm:4.4.0"
  dependencies:
    punycode: ^2.1.0
  checksum: 0baf85a04dda531b68f4a7e94b31f5300f1719b793ac5e5b3264db9da58dd4ceccb418236eb4535a610ab1e62edabb4e7da78eb1cb90b3171e68d261756c2702
  languageName: node
  linkType: hard

"utils-merge@npm:1.0.1":
  version: 1.0.1
  resolution: "utils-merge@npm:1.0.1"
  checksum: c81095493225ecfc28add49c106ca4f09cdf56bc66731aa8dabc2edbbccb1e1bfe2de6a115e5c6a380d3ea166d1636410b62ef216bb07b3feb1cfde1d95d5080
  languageName: node
  linkType: hard

"uuid@npm:^3.3.2":
  version: 3.4.0
  resolution: "uuid@npm:3.4.0"
  bin:
    uuid: ./bin/uuid
  checksum: 58de2feed61c59060b40f8203c0e4ed7fd6f99d42534a499f1741218a1dd0c129f4aa1de797bcf822c8ea5da7e4137aa3673431a96dae729047f7aca7b27866f
  languageName: node
  linkType: hard

"vary@npm:~1.1.2":
  version: 1.1.2
  resolution: "vary@npm:1.1.2"
  checksum: ae0123222c6df65b437669d63dfa8c36cee20a504101b2fcd97b8bf76f91259c17f9f2b4d70a1e3c6bbcee7f51b28392833adb6b2770b23b01abec84e369660b
  languageName: node
  linkType: hard

"verror@npm:1.10.0":
  version: 1.10.0
  resolution: "verror@npm:1.10.0"
  dependencies:
    assert-plus: ^1.0.0
    core-util-is: 1.0.2
    extsprintf: ^1.2.0
  checksum: c431df0bedf2088b227a4e051e0ff4ca54df2c114096b0c01e1cbaadb021c30a04d7dd5b41ab277bcd51246ca135bf931d4c4c796ecae7a4fef6d744ecef36ea
  languageName: node
  linkType: hard
